// !$*UTF8*$!
{
	archiveVersion = 1;
	classes = {
	};
	objectVersion = 51;
	objects = {

/* Begin PBXBuildFile section */
		8D30211AA032C79C0CAE02A9 /* Pods_Messenger.framework in Frameworks */ = {isa = PBXBuildFile; fileRef = B19960F9C2422708BC4A8CC1 /* Pods_Messenger.framework */; };
		C6A205D226EAED3F000DBD3D /* AppDelegate.swift in Sources */ = {isa = PBXBuildFile; fileRef = C6A205D126EAED3F000DBD3D /* AppDelegate.swift */; };
		C6A205D426EAED3F000DBD3D /* SceneDelegate.swift in Sources */ = {isa = PBXBuildFile; fileRef = C6A205D326EAED3F000DBD3D /* SceneDelegate.swift */; };
		C6A205D626EAED3F000DBD3D /* ConversationsViewController.swift in Sources */ = {isa = PBXBuildFile; fileRef = C6A205D526EAED3F000DBD3D /* ConversationsViewController.swift */; };
		C6A205D926EAED3F000DBD3D /* Main.storyboard in Resources */ = {isa = PBXBuildFile; fileRef = C6A205D726EAED3F000DBD3D /* Main.storyboard */; };
		C6A205DB26EAED45000DBD3D /* Assets.xcassets in Resources */ = {isa = PBXBuildFile; fileRef = C6A205DA26EAED45000DBD3D /* Assets.xcassets */; };
		C6A205DE26EAED45000DBD3D /* LaunchScreen.storyboard in Resources */ = {isa = PBXBuildFile; fileRef = C6A205DC26EAED45000DBD3D /* LaunchScreen.storyboard */; };
		C6A205EC26EAF169000DBD3D /* LoginViewController.swift in Sources */ = {isa = PBXBuildFile; fileRef = C6A205EB26EAF169000DBD3D /* LoginViewController.swift */; };
		C6A205EE26EAF179000DBD3D /* RegisterViewController.swift in Sources */ = {isa = PBXBuildFile; fileRef = C6A205ED26EAF179000DBD3D /* RegisterViewController.swift */; };
		C6A205F026EAF1C1000DBD3D /* PhotoViewViewController.swift in Sources */ = {isa = PBXBuildFile; fileRef = C6A205EF26EAF1C1000DBD3D /* PhotoViewViewController.swift */; };
		C6A205F226EAF1DB000DBD3D /* VideoPlayerViewController.swift in Sources */ = {isa = PBXBuildFile; fileRef = C6A205F126EAF1DB000DBD3D /* VideoPlayerViewController.swift */; };
		C6A205F426EAF276000DBD3D /* NewConversationViewController.swift in Sources */ = {isa = PBXBuildFile; fileRef = C6A205F326EAF276000DBD3D /* NewConversationViewController.swift */; };
		C6A205F626EAF2A4000DBD3D /* ProfileViewController.swift in Sources */ = {isa = PBXBuildFile; fileRef = C6A205F526EAF2A4000DBD3D /* ProfileViewController.swift */; };
		C6A205F926EB0BB8000DBD3D /* Extension.swift in Sources */ = {isa = PBXBuildFile; fileRef = C6A205F826EB0BB8000DBD3D /* Extension.swift */; };
		C6A568CF26EBE366008DAF9A /* GoogleService-Info.plist in Resources */ = {isa = PBXBuildFile; fileRef = C6A568CE26EBE366008DAF9A /* GoogleService-Info.plist */; };
		C6A568D126EC015F008DAF9A /* DatabaseManager.swift in Sources */ = {isa = PBXBuildFile; fileRef = C6A568D026EC015F008DAF9A /* DatabaseManager.swift */; };
/* End PBXBuildFile section */

/* Begin PBXFileReference section */
		5B608ADF2F84594BCACE1BAD /* Pods-Messenger.release.xcconfig */ = {isa = PBXFileReference; includeInIndex = 1; lastKnownFileType = text.xcconfig; name = "Pods-Messenger.release.xcconfig"; path = "Target Support Files/Pods-Messenger/Pods-Messenger.release.xcconfig"; sourceTree = "<group>"; };
		B19960F9C2422708BC4A8CC1 /* Pods_Messenger.framework */ = {isa = PBXFileReference; explicitFileType = wrapper.framework; includeInIndex = 0; path = Pods_Messenger.framework; sourceTree = BUILT_PRODUCTS_DIR; };
		C6A205CE26EAED3F000DBD3D /* Messenger.app */ = {isa = PBXFileReference; explicitFileType = wrapper.application; includeInIndex = 0; path = Messenger.app; sourceTree = BUILT_PRODUCTS_DIR; };
		C6A205D126EAED3F000DBD3D /* AppDelegate.swift */ = {isa = PBXFileReference; lastKnownFileType = sourcecode.swift; path = AppDelegate.swift; sourceTree = "<group>"; };
		C6A205D326EAED3F000DBD3D /* SceneDelegate.swift */ = {isa = PBXFileReference; lastKnownFileType = sourcecode.swift; path = SceneDelegate.swift; sourceTree = "<group>"; };
		C6A205D526EAED3F000DBD3D /* ConversationsViewController.swift */ = {isa = PBXFileReference; lastKnownFileType = sourcecode.swift; path = ConversationsViewController.swift; sourceTree = "<group>"; };
		C6A205D826EAED3F000DBD3D /* Base */ = {isa = PBXFileReference; lastKnownFileType = file.storyboard; name = Base; path = Base.lproj/Main.storyboard; sourceTree = "<group>"; };
		C6A205DA26EAED45000DBD3D /* Assets.xcassets */ = {isa = PBXFileReference; lastKnownFileType = folder.assetcatalog; path = Assets.xcassets; sourceTree = "<group>"; };
		C6A205DD26EAED45000DBD3D /* Base */ = {isa = PBXFileReference; lastKnownFileType = file.storyboard; name = Base; path = Base.lproj/LaunchScreen.storyboard; sourceTree = "<group>"; };
		C6A205DF26EAED45000DBD3D /* Info.plist */ = {isa = PBXFileReference; lastKnownFileType = text.plist.xml; path = Info.plist; sourceTree = "<group>"; };
		C6A205EB26EAF169000DBD3D /* LoginViewController.swift */ = {isa = PBXFileReference; lastKnownFileType = sourcecode.swift; path = LoginViewController.swift; sourceTree = "<group>"; };
		C6A205ED26EAF179000DBD3D /* RegisterViewController.swift */ = {isa = PBXFileReference; lastKnownFileType = sourcecode.swift; path = RegisterViewController.swift; sourceTree = "<group>"; };
		C6A205EF26EAF1C1000DBD3D /* PhotoViewViewController.swift */ = {isa = PBXFileReference; lastKnownFileType = sourcecode.swift; path = PhotoViewViewController.swift; sourceTree = "<group>"; };
		C6A205F126EAF1DB000DBD3D /* VideoPlayerViewController.swift */ = {isa = PBXFileReference; lastKnownFileType = sourcecode.swift; path = VideoPlayerViewController.swift; sourceTree = "<group>"; };
		C6A205F326EAF276000DBD3D /* NewConversationViewController.swift */ = {isa = PBXFileReference; lastKnownFileType = sourcecode.swift; path = NewConversationViewController.swift; sourceTree = "<group>"; };
		C6A205F526EAF2A4000DBD3D /* ProfileViewController.swift */ = {isa = PBXFileReference; lastKnownFileType = sourcecode.swift; path = ProfileViewController.swift; sourceTree = "<group>"; };
		C6A205F826EB0BB8000DBD3D /* Extension.swift */ = {isa = PBXFileReference; lastKnownFileType = sourcecode.swift; path = Extension.swift; sourceTree = "<group>"; };
		C6A568CE26EBE366008DAF9A /* GoogleService-Info.plist */ = {isa = PBXFileReference; fileEncoding = 4; lastKnownFileType = text.plist.xml; path = "GoogleService-Info.plist"; sourceTree = "<group>"; };
		C6A568D026EC015F008DAF9A /* DatabaseManager.swift */ = {isa = PBXFileReference; lastKnownFileType = sourcecode.swift; path = DatabaseManager.swift; sourceTree = "<group>"; };
		E52FEB69A09E190CA3BDDA6A /* Pods-Messenger.debug.xcconfig */ = {isa = PBXFileReference; includeInIndex = 1; lastKnownFileType = text.xcconfig; name = "Pods-Messenger.debug.xcconfig"; path = "Target Support Files/Pods-Messenger/Pods-Messenger.debug.xcconfig"; sourceTree = "<group>"; };
/* End PBXFileReference section */

/* Begin PBXFrameworksBuildPhase section */
		C6A205CB26EAED3F000DBD3D /* Frameworks */ = {
			isa = PBXFrameworksBuildPhase;
			buildActionMask = 2147483647;
			files = (
				8D30211AA032C79C0CAE02A9 /* Pods_Messenger.framework in Frameworks */,
			);
			runOnlyForDeploymentPostprocessing = 0;
		};
/* End PBXFrameworksBuildPhase section */

/* Begin PBXGroup section */
		72AD393E2F9BFAC85A6B152C /* Frameworks */ = {
			isa = PBXGroup;
			children = (
				B19960F9C2422708BC4A8CC1 /* Pods_Messenger.framework */,
			);
			name = Frameworks;
			sourceTree = "<group>";
		};
		C6A205C526EAED3F000DBD3D = {
			isa = PBXGroup;
			children = (
				C6A205D026EAED3F000DBD3D /* Messenger */,
				C6A205CF26EAED3F000DBD3D /* Products */,
				E6A8577494300668F76DE7FF /* Pods */,
				72AD393E2F9BFAC85A6B152C /* Frameworks */,
			);
			sourceTree = "<group>";
		};
		C6A205CF26EAED3F000DBD3D /* Products */ = {
			isa = PBXGroup;
			children = (
				C6A205CE26EAED3F000DBD3D /* Messenger.app */,
			);
			name = Products;
			sourceTree = "<group>";
		};
		C6A205D026EAED3F000DBD3D /* Messenger */ = {
			isa = PBXGroup;
			children = (
				C6A568CE26EBE366008DAF9A /* GoogleService-Info.plist */,
				C6A205E926EAEF11000DBD3D /* Resources */,
				C6A205E826EAEF06000DBD3D /* ViewModels */,
				C6A205E726EAEEF0000DBD3D /* Models */,
				C6A205E626EAEEEA000DBD3D /* Views */,
				C6A205E526EAEEE2000DBD3D /* Controllers */,
				C6A205DF26EAED45000DBD3D /* Info.plist */,
			);
			path = Messenger;
			sourceTree = "<group>";
		};
		C6A205E526EAEEE2000DBD3D /* Controllers */ = {
			isa = PBXGroup;
			children = (
				C6A205F726EB0319000DBD3D /* Login */,
				C6A205D526EAED3F000DBD3D /* ConversationsViewController.swift */,
				C6A205EF26EAF1C1000DBD3D /* PhotoViewViewController.swift */,
				C6A205F126EAF1DB000DBD3D /* VideoPlayerViewController.swift */,
				C6A205F326EAF276000DBD3D /* NewConversationViewController.swift */,
				C6A205F526EAF2A4000DBD3D /* ProfileViewController.swift */,
			);
			path = Controllers;
			sourceTree = "<group>";
		};
		C6A205E626EAEEEA000DBD3D /* Views */ = {
			isa = PBXGroup;
			children = (
				C6A205EA26EAEF45000DBD3D /* Storyborads */,
				C6A205DA26EAED45000DBD3D /* Assets.xcassets */,
			);
			path = Views;
			sourceTree = "<group>";
		};
		C6A205E726EAEEF0000DBD3D /* Models */ = {
			isa = PBXGroup;
			children = (
			);
			path = Models;
			sourceTree = "<group>";
		};
		C6A205E826EAEF06000DBD3D /* ViewModels */ = {
			isa = PBXGroup;
			children = (
			);
			path = ViewModels;
			sourceTree = "<group>";
		};
		C6A205E926EAEF11000DBD3D /* Resources */ = {
			isa = PBXGroup;
			children = (
				C6A205D126EAED3F000DBD3D /* AppDelegate.swift */,
				C6A205D326EAED3F000DBD3D /* SceneDelegate.swift */,
				C6A205F826EB0BB8000DBD3D /* Extension.swift */,
				C6A568D026EC015F008DAF9A /* DatabaseManager.swift */,
			);
			path = Resources;
			sourceTree = "<group>";
		};
		C6A205EA26EAEF45000DBD3D /* Storyborads */ = {
			isa = PBXGroup;
			children = (
				C6A205D726EAED3F000DBD3D /* Main.storyboard */,
				C6A205DC26EAED45000DBD3D /* LaunchScreen.storyboard */,
			);
			name = Storyborads;
			sourceTree = "<group>";
		};
		C6A205F726EB0319000DBD3D /* Login */ = {
			isa = PBXGroup;
			children = (
				C6A205ED26EAF179000DBD3D /* RegisterViewController.swift */,
				C6A205EB26EAF169000DBD3D /* LoginViewController.swift */,
			);
			name = Login;
			sourceTree = "<group>";
		};
		E6A8577494300668F76DE7FF /* Pods */ = {
			isa = PBXGroup;
			children = (
				E52FEB69A09E190CA3BDDA6A /* Pods-Messenger.debug.xcconfig */,
				5B608ADF2F84594BCACE1BAD /* Pods-Messenger.release.xcconfig */,
			);
			path = Pods;
			sourceTree = "<group>";
		};
/* End PBXGroup section */

/* Begin PBXNativeTarget section */
		C6A205CD26EAED3F000DBD3D /* Messenger */ = {
			isa = PBXNativeTarget;
			buildConfigurationList = C6A205E226EAED45000DBD3D /* Build configuration list for PBXNativeTarget "Messenger" */;
			buildPhases = (
				D0E09336760D711AF1008D15 /* [CP] Check Pods Manifest.lock */,
				C6A205CA26EAED3F000DBD3D /* Sources */,
				C6A205CB26EAED3F000DBD3D /* Frameworks */,
				C6A205CC26EAED3F000DBD3D /* Resources */,
				31168685126695DDFEC81A29 /* [CP] Embed Pods Frameworks */,
			);
			buildRules = (
			);
			dependencies = (
			);
			name = Messenger;
			productName = Messenger;
			productReference = C6A205CE26EAED3F000DBD3D /* Messenger.app */;
			productType = "com.apple.product-type.application";
		};
/* End PBXNativeTarget section */

/* Begin PBXProject section */
		C6A205C626EAED3F000DBD3D /* Project object */ = {
			isa = PBXProject;
			attributes = {
				LastSwiftUpdateCheck = 1250;
				LastUpgradeCheck = 1250;
				TargetAttributes = {
					C6A205CD26EAED3F000DBD3D = {
						CreatedOnToolsVersion = 12.5.1;
					};
				};
			};
			buildConfigurationList = C6A205C926EAED3F000DBD3D /* Build configuration list for PBXProject "Messenger" */;
			compatibilityVersion = "Xcode 9.3";
			developmentRegion = en;
			hasScannedForEncodings = 0;
			knownRegions = (
				en,
				Base,
			);
			mainGroup = C6A205C526EAED3F000DBD3D;
			productRefGroup = C6A205CF26EAED3F000DBD3D /* Products */;
			projectDirPath = "";
			projectRoot = "";
			targets = (
				C6A205CD26EAED3F000DBD3D /* Messenger */,
			);
		};
/* End PBXProject section */

/* Begin PBXResourcesBuildPhase section */
		C6A205CC26EAED3F000DBD3D /* Resources */ = {
			isa = PBXResourcesBuildPhase;
			buildActionMask = 2147483647;
			files = (
				C6A205DE26EAED45000DBD3D /* LaunchScreen.storyboard in Resources */,
				C6A568CF26EBE366008DAF9A /* GoogleService-Info.plist in Resources */,
				C6A205DB26EAED45000DBD3D /* Assets.xcassets in Resources */,
				C6A205D926EAED3F000DBD3D /* Main.storyboard in Resources */,
			);
			runOnlyForDeploymentPostprocessing = 0;
		};
/* End PBXResourcesBuildPhase section */

/* Begin PBXShellScriptBuildPhase section */
		31168685126695DDFEC81A29 /* [CP] Embed Pods Frameworks */ = {
			isa = PBXShellScriptBuildPhase;
			buildActionMask = 2147483647;
			files = (
			);
			inputFileListPaths = (
				"${PODS_ROOT}/Target Support Files/Pods-Messenger/Pods-Messenger-frameworks-${CONFIGURATION}-input-files.xcfilelist",
			);
			name = "[CP] Embed Pods Frameworks";
			outputFileListPaths = (
				"${PODS_ROOT}/Target Support Files/Pods-Messenger/Pods-Messenger-frameworks-${CONFIGURATION}-output-files.xcfilelist",
			);
			runOnlyForDeploymentPostprocessing = 0;
			shellPath = /bin/sh;
			shellScript = "\"${PODS_ROOT}/Target Support Files/Pods-Messenger/Pods-Messenger-frameworks.sh\"\n";
			showEnvVarsInLog = 0;
		};
		D0E09336760D711AF1008D15 /* [CP] Check Pods Manifest.lock */ = {
			isa = PBXShellScriptBuildPhase;
			buildActionMask = 2147483647;
			files = (
			);
			inputFileListPaths = (
			);
			inputPaths = (
				"${PODS_PODFILE_DIR_PATH}/Podfile.lock",
				"${PODS_ROOT}/Manifest.lock",
			);
			name = "[CP] Check Pods Manifest.lock";
			outputFileListPaths = (
			);
			outputPaths = (
				"$(DERIVED_FILE_DIR)/Pods-Messenger-checkManifestLockResult.txt",
			);
			runOnlyForDeploymentPostprocessing = 0;
			shellPath = /bin/sh;
			shellScript = "diff \"${PODS_PODFILE_DIR_PATH}/Podfile.lock\" \"${PODS_ROOT}/Manifest.lock\" > /dev/null\nif [ $? != 0 ] ; then\n    # print error to STDERR\n    echo \"error: The sandbox is not in sync with the Podfile.lock. Run 'pod install' or update your CocoaPods installation.\" >&2\n    exit 1\nfi\n# This output is used by Xcode 'outputs' to avoid re-running this script phase.\necho \"SUCCESS\" > \"${SCRIPT_OUTPUT_FILE_0}\"\n";
			showEnvVarsInLog = 0;
		};
/* End PBXShellScriptBuildPhase section */

/* Begin PBXSourcesBuildPhase section */
		C6A205CA26EAED3F000DBD3D /* Sources */ = {
			isa = PBXSourcesBuildPhase;
			buildActionMask = 2147483647;
			files = (
				C6A205F026EAF1C1000DBD3D /* PhotoViewViewController.swift in Sources */,
				C6A568D126EC015F008DAF9A /* DatabaseManager.swift in Sources */,
				C6A205EC26EAF169000DBD3D /* LoginViewController.swift in Sources */,
				C6A205F426EAF276000DBD3D /* NewConversationViewController.swift in Sources */,
				C6A205EE26EAF179000DBD3D /* RegisterViewController.swift in Sources */,
				C6A205F226EAF1DB000DBD3D /* VideoPlayerViewController.swift in Sources */,
				C6A205F926EB0BB8000DBD3D /* Extension.swift in Sources */,
				C6A205D626EAED3F000DBD3D /* ConversationsViewController.swift in Sources */,
				C6A205F626EAF2A4000DBD3D /* ProfileViewController.swift in Sources */,
				C6A205D226EAED3F000DBD3D /* AppDelegate.swift in Sources */,
				C6A205D426EAED3F000DBD3D /* SceneDelegate.swift in Sources */,
			);
			runOnlyForDeploymentPostprocessing = 0;
		};
/* End PBXSourcesBuildPhase section */

/* Begin PBXVariantGroup section */
		C6A205D726EAED3F000DBD3D /* Main.storyboard */ = {
			isa = PBXVariantGroup;
			children = (
				C6A205D826EAED3F000DBD3D /* Base */,
			);
			name = Main.storyboard;
			sourceTree = "<group>";
		};
		C6A205DC26EAED45000DBD3D /* LaunchScreen.storyboard */ = {
			isa = PBXVariantGroup;
			children = (
				C6A205DD26EAED45000DBD3D /* Base */,
			);
			name = LaunchScreen.storyboard;
			sourceTree = "<group>";
		};
/* End PBXVariantGroup section */

/* Begin XCBuildConfiguration section */
		C6A205E026EAED45000DBD3D /* Debug */ = {
			isa = XCBuildConfiguration;
			buildSettings = {
				ALWAYS_SEARCH_USER_PATHS = NO;
				CLANG_ANALYZER_NONNULL = YES;
				CLANG_ANALYZER_NUMBER_OBJECT_CONVERSION = YES_AGGRESSIVE;
				CLANG_CXX_LANGUAGE_STANDARD = "gnu++14";
				CLANG_CXX_LIBRARY = "libc++";
				CLANG_ENABLE_MODULES = YES;
				CLANG_ENABLE_OBJC_ARC = YES;
				CLANG_ENABLE_OBJC_WEAK = YES;
				CLANG_WARN_BLOCK_CAPTURE_AUTORELEASING = YES;
				CLANG_WARN_BOOL_CONVERSION = YES;
				CLANG_WARN_COMMA = YES;
				CLANG_WARN_CONSTANT_CONVERSION = YES;
				CLANG_WARN_DEPRECATED_OBJC_IMPLEMENTATIONS = YES;
				CLANG_WARN_DIRECT_OBJC_ISA_USAGE = YES_ERROR;
				CLANG_WARN_DOCUMENTATION_COMMENTS = YES;
				CLANG_WARN_EMPTY_BODY = YES;
				CLANG_WARN_ENUM_CONVERSION = YES;
				CLANG_WARN_INFINITE_RECURSION = YES;
				CLANG_WARN_INT_CONVERSION = YES;
				CLANG_WARN_NON_LITERAL_NULL_CONVERSION = YES;
				CLANG_WARN_OBJC_IMPLICIT_RETAIN_SELF = YES;
				CLANG_WARN_OBJC_LITERAL_CONVERSION = YES;
				CLANG_WARN_OBJC_ROOT_CLASS = YES_ERROR;
				CLANG_WARN_QUOTED_INCLUDE_IN_FRAMEWORK_HEADER = YES;
				CLANG_WARN_RANGE_LOOP_ANALYSIS = YES;
				CLANG_WARN_STRICT_PROTOTYPES = YES;
				CLANG_WARN_SUSPICIOUS_MOVE = YES;
				CLANG_WARN_UNGUARDED_AVAILABILITY = YES_AGGRESSIVE;
				CLANG_WARN_UNREACHABLE_CODE = YES;
				CLANG_WARN__DUPLICATE_METHOD_MATCH = YES;
				COPY_PHASE_STRIP = NO;
				DEBUG_INFORMATION_FORMAT = dwarf;
				ENABLE_STRICT_OBJC_MSGSEND = YES;
				ENABLE_TESTABILITY = YES;
				GCC_C_LANGUAGE_STANDARD = gnu11;
				GCC_DYNAMIC_NO_PIC = NO;
				GCC_NO_COMMON_BLOCKS = YES;
				GCC_OPTIMIZATION_LEVEL = 0;
				GCC_PREPROCESSOR_DEFINITIONS = (
					"DEBUG=1",
					"$(inherited)",
				);
				GCC_WARN_64_TO_32_BIT_CONVERSION = YES;
				GCC_WARN_ABOUT_RETURN_TYPE = YES_ERROR;
				GCC_WARN_UNDECLARED_SELECTOR = YES;
				GCC_WARN_UNINITIALIZED_AUTOS = YES_AGGRESSIVE;
				GCC_WARN_UNUSED_FUNCTION = YES;
				GCC_WARN_UNUSED_VARIABLE = YES;
				IPHONEOS_DEPLOYMENT_TARGET = 14.5;
				MTL_ENABLE_DEBUG_INFO = INCLUDE_SOURCE;
				MTL_FAST_MATH = YES;
				ONLY_ACTIVE_ARCH = YES;
				SDKROOT = iphoneos;
				SWIFT_ACTIVE_COMPILATION_CONDITIONS = DEBUG;
				SWIFT_OPTIMIZATION_LEVEL = "-Onone";
			};
			name = Debug;
		};
		C6A205E126EAED45000DBD3D /* Release */ = {
			isa = XCBuildConfiguration;
			buildSettings = {
				ALWAYS_SEARCH_USER_PATHS = NO;
				CLANG_ANALYZER_NONNULL = YES;
				CLANG_ANALYZER_NUMBER_OBJECT_CONVERSION = YES_AGGRESSIVE;
				CLANG_CXX_LANGUAGE_STANDARD = "gnu++14";
				CLANG_CXX_LIBRARY = "libc++";
				CLANG_ENABLE_MODULES = YES;
				CLANG_ENABLE_OBJC_ARC = YES;
				CLANG_ENABLE_OBJC_WEAK = YES;
				CLANG_WARN_BLOCK_CAPTURE_AUTORELEASING = YES;
				CLANG_WARN_BOOL_CONVERSION = YES;
				CLANG_WARN_COMMA = YES;
				CLANG_WARN_CONSTANT_CONVERSION = YES;
				CLANG_WARN_DEPRECATED_OBJC_IMPLEMENTATIONS = YES;
				CLANG_WARN_DIRECT_OBJC_ISA_USAGE = YES_ERROR;
				CLANG_WARN_DOCUMENTATION_COMMENTS = YES;
				CLANG_WARN_EMPTY_BODY = YES;
				CLANG_WARN_ENUM_CONVERSION = YES;
				CLANG_WARN_INFINITE_RECURSION = YES;
				CLANG_WARN_INT_CONVERSION = YES;
				CLANG_WARN_NON_LITERAL_NULL_CONVERSION = YES;
				CLANG_WARN_OBJC_IMPLICIT_RETAIN_SELF = YES;
				CLANG_WARN_OBJC_LITERAL_CONVERSION = YES;
				CLANG_WARN_OBJC_ROOT_CLASS = YES_ERROR;
				CLANG_WARN_QUOTED_INCLUDE_IN_FRAMEWORK_HEADER = YES;
				CLANG_WARN_RANGE_LOOP_ANALYSIS = YES;
				CLANG_WARN_STRICT_PROTOTYPES = YES;
				CLANG_WARN_SUSPICIOUS_MOVE = YES;
				CLANG_WARN_UNGUARDED_AVAILABILITY = YES_AGGRESSIVE;
				CLANG_WARN_UNREACHABLE_CODE = YES;
				CLANG_WARN__DUPLICATE_METHOD_MATCH = YES;
				COPY_PHASE_STRIP = NO;
				DEBUG_INFORMATION_FORMAT = "dwarf-with-dsym";
				ENABLE_NS_ASSERTIONS = NO;
				ENABLE_STRICT_OBJC_MSGSEND = YES;
				GCC_C_LANGUAGE_STANDARD = gnu11;
				GCC_NO_COMMON_BLOCKS = YES;
				GCC_WARN_64_TO_32_BIT_CONVERSION = YES;
				GCC_WARN_ABOUT_RETURN_TYPE = YES_ERROR;
				GCC_WARN_UNDECLARED_SELECTOR = YES;
				GCC_WARN_UNINITIALIZED_AUTOS = YES_AGGRESSIVE;
				GCC_WARN_UNUSED_FUNCTION = YES;
				GCC_WARN_UNUSED_VARIABLE = YES;
				IPHONEOS_DEPLOYMENT_TARGET = 14.5;
				MTL_ENABLE_DEBUG_INFO = NO;
				MTL_FAST_MATH = YES;
				SDKROOT = iphoneos;
				SWIFT_COMPILATION_MODE = wholemodule;
				SWIFT_OPTIMIZATION_LEVEL = "-O";
				VALIDATE_PRODUCT = YES;
			};
			name = Release;
		};
		C6A205E326EAED45000DBD3D /* Debug */ = {
			isa = XCBuildConfiguration;
			baseConfigurationReference = E52FEB69A09E190CA3BDDA6A /* Pods-Messenger.debug.xcconfig */;
			buildSettings = {
				ASSETCATALOG_COMPILER_APPICON_NAME = AppIcon;
				ASSETCATALOG_COMPILER_GLOBAL_ACCENT_COLOR_NAME = AccentColor;
				CODE_SIGN_STYLE = Automatic;
				DEVELOPMENT_TEAM = W58MVACA8A;
				INFOPLIST_FILE = Messenger/Info.plist;
				IPHONEOS_DEPLOYMENT_TARGET = 13.0;
				LD_RUNPATH_SEARCH_PATHS = (
					"$(inherited)",
					"@executable_path/Frameworks",
				);
				PRODUCT_BUNDLE_IDENTIFIER = com.Messenger;
				PRODUCT_NAME = "$(TARGET_NAME)";
				SWIFT_VERSION = 5.0;
				TARGETED_DEVICE_FAMILY = "1,2";
			};
			name = Debug;
		};
		C6A205E426EAED45000DBD3D /* Release */ = {
			isa = XCBuildConfiguration;
			baseConfigurationReference = 5B608ADF2F84594BCACE1BAD /* Pods-Messenger.release.xcconfig */;
			buildSettings = {
				ASSETCATALOG_COMPILER_APPICON_NAME = AppIcon;
				ASSETCATALOG_COMPILER_GLOBAL_ACCENT_COLOR_NAME = AccentColor;
				CODE_SIGN_STYLE = Automatic;
				DEVELOPMENT_TEAM = W58MVACA8A;
				INFOPLIST_FILE = Messenger/Info.plist;
				IPHONEOS_DEPLOYMENT_TARGET = 13.0;
				LD_RUNPATH_SEARCH_PATHS = (
					"$(inherited)",
					"@executable_path/Frameworks",
				);
				PRODUCT_BUNDLE_IDENTIFIER = com.Messenger;
				PRODUCT_NAME = "$(TARGET_NAME)";
				SWIFT_VERSION = 5.0;
				TARGETED_DEVICE_FAMILY = "1,2";
			};
			name = Release;
		};
/* End XCBuildConfiguration section */

/* Begin XCConfigurationList section */
		C6A205C926EAED3F000DBD3D /* Build configuration list for PBXProject "Messenger" */ = {
			isa = XCConfigurationList;
			buildConfigurations = (
				C6A205E026EAED45000DBD3D /* Debug */,
				C6A205E126EAED45000DBD3D /* Release */,
			);
			defaultConfigurationIsVisible = 0;
			defaultConfigurationName = Release;
		};
		C6A205E226EAED45000DBD3D /* Build configuration list for PBXNativeTarget "Messenger" */ = {
			isa = XCConfigurationList;
			buildConfigurations = (
				C6A205E326EAED45000DBD3D /* Debug */,
				C6A205E426EAED45000DBD3D /* Release */,
			);
			defaultConfigurationIsVisible = 0;
			defaultConfigurationName = Release;
		};
/* End XCConfigurationList section */
	};
	rootObject = C6A205C626EAED3F000DBD3D /* Project object */;
}
